// !$*UTF8*$!
{
	archiveVersion = 1;
	classes = {
	};
	objectVersion = 50;
	objects = {

/* Begin PBXBuildFile section */
		2C5D659824DC938400607C78 /* AppDelegate.swift in Sources */ = {isa = PBXBuildFile; fileRef = 2C5D659724DC938400607C78 /* AppDelegate.swift */; };
		2C5D659A24DC938400607C78 /* SceneDelegate.swift in Sources */ = {isa = PBXBuildFile; fileRef = 2C5D659924DC938400607C78 /* SceneDelegate.swift */; };
		2C5D659C24DC938400607C78 /* ViewController.swift in Sources */ = {isa = PBXBuildFile; fileRef = 2C5D659B24DC938400607C78 /* ViewController.swift */; };
		2C5D659F24DC938400607C78 /* Main.storyboard in Resources */ = {isa = PBXBuildFile; fileRef = 2C5D659D24DC938400607C78 /* Main.storyboard */; };
		2C5D65A124DC938500607C78 /* Assets.xcassets in Resources */ = {isa = PBXBuildFile; fileRef = 2C5D65A024DC938500607C78 /* Assets.xcassets */; };
		2C5D65A424DC938500607C78 /* LaunchScreen.storyboard in Resources */ = {isa = PBXBuildFile; fileRef = 2C5D65A224DC938500607C78 /* LaunchScreen.storyboard */; };
		2C5D65AF24DC938500607C78 /* Tabbed_AppTests.swift in Sources */ = {isa = PBXBuildFile; fileRef = 2C5D65AE24DC938500607C78 /* Tabbed_AppTests.swift */; };
		2C5D65BA24DC938500607C78 /* Tabbed_AppUITests.swift in Sources */ = {isa = PBXBuildFile; fileRef = 2C5D65B924DC938500607C78 /* Tabbed_AppUITests.swift */; };
/* End PBXBuildFile section */

/* Begin PBXContainerItemProxy section */
		2C5D65AB24DC938500607C78 /* PBXContainerItemProxy */ = {
			isa = PBXContainerItemProxy;
			containerPortal = 2C5D658C24DC938400607C78 /* Project object */;
			proxyType = 1;
			remoteGlobalIDString = 2C5D659324DC938400607C78;
			remoteInfo = "Tabbed App";
		};
		2C5D65B624DC938500607C78 /* PBXContainerItemProxy */ = {
			isa = PBXContainerItemProxy;
			containerPortal = 2C5D658C24DC938400607C78 /* Project object */;
			proxyType = 1;
			remoteGlobalIDString = 2C5D659324DC938400607C78;
			remoteInfo = "Tabbed App";
		};
/* End PBXContainerItemProxy section */

/* Begin PBXFileReference section */
		2C5D659424DC938400607C78 /* Tabbed App.app */ = {isa = PBXFileReference; explicitFileType = wrapper.application; includeInIndex = 0; path = "Tabbed App.app"; sourceTree = BUILT_PRODUCTS_DIR; };
		2C5D659724DC938400607C78 /* AppDelegate.swift */ = {isa = PBXFileReference; lastKnownFileType = sourcecode.swift; path = AppDelegate.swift; sourceTree = "<group>"; };
		2C5D659924DC938400607C78 /* SceneDelegate.swift */ = {isa = PBXFileReference; lastKnownFileType = sourcecode.swift; path = SceneDelegate.swift; sourceTree = "<group>"; };
		2C5D659B24DC938400607C78 /* ViewController.swift */ = {isa = PBXFileReference; lastKnownFileType = sourcecode.swift; path = ViewController.swift; sourceTree = "<group>"; };
		2C5D659E24DC938400607C78 /* Base */ = {isa = PBXFileReference; lastKnownFileType = file.storyboard; name = Base; path = Base.lproj/Main.storyboard; sourceTree = "<group>"; };
		2C5D65A024DC938500607C78 /* Assets.xcassets */ = {isa = PBXFileReference; lastKnownFileType = folder.assetcatalog; path = Assets.xcassets; sourceTree = "<group>"; };
		2C5D65A324DC938500607C78 /* Base */ = {isa = PBXFileReference; lastKnownFileType = file.storyboard; name = Base; path = Base.lproj/LaunchScreen.storyboard; sourceTree = "<group>"; };
		2C5D65A524DC938500607C78 /* Info.plist */ = {isa = PBXFileReference; lastKnownFileType = text.plist.xml; path = Info.plist; sourceTree = "<group>"; };
		2C5D65AA24DC938500607C78 /* Tabbed AppTests.xctest */ = {isa = PBXFileReference; explicitFileType = wrapper.cfbundle; includeInIndex = 0; path = "Tabbed AppTests.xctest"; sourceTree = BUILT_PRODUCTS_DIR; };
		2C5D65AE24DC938500607C78 /* Tabbed_AppTests.swift */ = {isa = PBXFileReference; lastKnownFileType = sourcecode.swift; path = Tabbed_AppTests.swift; sourceTree = "<group>"; };
		2C5D65B024DC938500607C78 /* Info.plist */ = {isa = PBXFileReference; lastKnownFileType = text.plist.xml; path = Info.plist; sourceTree = "<group>"; };
		2C5D65B524DC938500607C78 /* Tabbed AppUITests.xctest */ = {isa = PBXFileReference; explicitFileType = wrapper.cfbundle; includeInIndex = 0; path = "Tabbed AppUITests.xctest"; sourceTree = BUILT_PRODUCTS_DIR; };
		2C5D65B924DC938500607C78 /* Tabbed_AppUITests.swift */ = {isa = PBXFileReference; lastKnownFileType = sourcecode.swift; path = Tabbed_AppUITests.swift; sourceTree = "<group>"; };
		2C5D65BB24DC938500607C78 /* Info.plist */ = {isa = PBXFileReference; lastKnownFileType = text.plist.xml; path = Info.plist; sourceTree = "<group>"; };
/* End PBXFileReference section */

/* Begin PBXFrameworksBuildPhase section */
		2C5D659124DC938400607C78 /* Frameworks */ = {
			isa = PBXFrameworksBuildPhase;
			buildActionMask = 2147483647;
			files = (
			);
			runOnlyForDeploymentPostprocessing = 0;
		};
		2C5D65A724DC938500607C78 /* Frameworks */ = {
			isa = PBXFrameworksBuildPhase;
			buildActionMask = 2147483647;
			files = (
			);
			runOnlyForDeploymentPostprocessing = 0;
		};
		2C5D65B224DC938500607C78 /* Frameworks */ = {
			isa = PBXFrameworksBuildPhase;
			buildActionMask = 2147483647;
			files = (
			);
			runOnlyForDeploymentPostprocessing = 0;
		};
/* End PBXFrameworksBuildPhase section */

/* Begin PBXGroup section */
		2C5D658B24DC938400607C78 = {
			isa = PBXGroup;
			children = (
				2C5D659624DC938400607C78 /* Tabbed App */,
				2C5D65AD24DC938500607C78 /* Tabbed AppTests */,
				2C5D65B824DC938500607C78 /* Tabbed AppUITests */,
				2C5D659524DC938400607C78 /* Products */,
			);
			sourceTree = "<group>";
		};
		2C5D659524DC938400607C78 /* Products */ = {
			isa = PBXGroup;
			children = (
				2C5D659424DC938400607C78 /* Tabbed App.app */,
				2C5D65AA24DC938500607C78 /* Tabbed AppTests.xctest */,
				2C5D65B524DC938500607C78 /* Tabbed AppUITests.xctest */,
			);
			name = Products;
			sourceTree = "<group>";
		};
		2C5D659624DC938400607C78 /* Tabbed App */ = {
			isa = PBXGroup;
			children = (
				2C5D659724DC938400607C78 /* AppDelegate.swift */,
				2C5D659924DC938400607C78 /* SceneDelegate.swift */,
				2C5D659B24DC938400607C78 /* ViewController.swift */,
				2C5D659D24DC938400607C78 /* Main.storyboard */,
				2C5D65A024DC938500607C78 /* Assets.xcassets */,
				2C5D65A224DC938500607C78 /* LaunchScreen.storyboard */,
				2C5D65A524DC938500607C78 /* Info.plist */,
			);
			path = "Tabbed App";
			sourceTree = "<group>";
		};
		2C5D65AD24DC938500607C78 /* Tabbed AppTests */ = {
			isa = PBXGroup;
			children = (
				2C5D65AE24DC938500607C78 /* Tabbed_AppTests.swift */,
				2C5D65B024DC938500607C78 /* Info.plist */,
			);
			path = "Tabbed AppTests";
			sourceTree = "<group>";
		};
		2C5D65B824DC938500607C78 /* Tabbed AppUITests */ = {
			isa = PBXGroup;
			children = (
				2C5D65B924DC938500607C78 /* Tabbed_AppUITests.swift */,
				2C5D65BB24DC938500607C78 /* Info.plist */,
			);
			path = "Tabbed AppUITests";
			sourceTree = "<group>";
		};
/* End PBXGroup section */

/* Begin PBXNativeTarget section */
		2C5D659324DC938400607C78 /* Tabbed App */ = {
			isa = PBXNativeTarget;
			buildConfigurationList = 2C5D65BE24DC938500607C78 /* Build configuration list for PBXNativeTarget "Tabbed App" */;
			buildPhases = (
				2C5D659024DC938400607C78 /* Sources */,
				2C5D659124DC938400607C78 /* Frameworks */,
				2C5D659224DC938400607C78 /* Resources */,
			);
			buildRules = (
			);
			dependencies = (
			);
			name = "Tabbed App";
			productName = "Tabbed App";
			productReference = 2C5D659424DC938400607C78 /* Tabbed App.app */;
			productType = "com.apple.product-type.application";
		};
		2C5D65A924DC938500607C78 /* Tabbed AppTests */ = {
			isa = PBXNativeTarget;
			buildConfigurationList = 2C5D65C124DC938500607C78 /* Build configuration list for PBXNativeTarget "Tabbed AppTests" */;
			buildPhases = (
				2C5D65A624DC938500607C78 /* Sources */,
				2C5D65A724DC938500607C78 /* Frameworks */,
				2C5D65A824DC938500607C78 /* Resources */,
			);
			buildRules = (
			);
			dependencies = (
				2C5D65AC24DC938500607C78 /* PBXTargetDependency */,
			);
			name = "Tabbed AppTests";
			productName = "Tabbed AppTests";
			productReference = 2C5D65AA24DC938500607C78 /* Tabbed AppTests.xctest */;
			productType = "com.apple.product-type.bundle.unit-test";
		};
		2C5D65B424DC938500607C78 /* Tabbed AppUITests */ = {
			isa = PBXNativeTarget;
			buildConfigurationList = 2C5D65C424DC938500607C78 /* Build configuration list for PBXNativeTarget "Tabbed AppUITests" */;
			buildPhases = (
				2C5D65B124DC938500607C78 /* Sources */,
				2C5D65B224DC938500607C78 /* Frameworks */,
				2C5D65B324DC938500607C78 /* Resources */,
			);
			buildRules = (
			);
			dependencies = (
				2C5D65B724DC938500607C78 /* PBXTargetDependency */,
			);
			name = "Tabbed AppUITests";
			productName = "Tabbed AppUITests";
			productReference = 2C5D65B524DC938500607C78 /* Tabbed AppUITests.xctest */;
			productType = "com.apple.product-type.bundle.ui-testing";
		};
/* End PBXNativeTarget section */

/* Begin PBXProject section */
		2C5D658C24DC938400607C78 /* Project object */ = {
			isa = PBXProject;
			attributes = {
				LastSwiftUpdateCheck = 1130;
				LastUpgradeCheck = 1130;
				ORGANIZATIONNAME = "Alan Villegas";
				TargetAttributes = {
					2C5D659324DC938400607C78 = {
						CreatedOnToolsVersion = 11.3.1;
					};
					2C5D65A924DC938500607C78 = {
						CreatedOnToolsVersion = 11.3.1;
						TestTargetID = 2C5D659324DC938400607C78;
					};
					2C5D65B424DC938500607C78 = {
						CreatedOnToolsVersion = 11.3.1;
						TestTargetID = 2C5D659324DC938400607C78;
					};
				};
			};
			buildConfigurationList = 2C5D658F24DC938400607C78 /* Build configuration list for PBXProject "Tabbed App" */;
			compatibilityVersion = "Xcode 9.3";
			developmentRegion = en;
			hasScannedForEncodings = 0;
			knownRegions = (
				en,
				Base,
			);
			mainGroup = 2C5D658B24DC938400607C78;
			productRefGroup = 2C5D659524DC938400607C78 /* Products */;
			projectDirPath = "";
			projectRoot = "";
			targets = (
				2C5D659324DC938400607C78 /* Tabbed App */,
				2C5D65A924DC938500607C78 /* Tabbed AppTests */,
				2C5D65B424DC938500607C78 /* Tabbed AppUITests */,
			);
		};
/* End PBXProject section */

/* Begin PBXResourcesBuildPhase section */
		2C5D659224DC938400607C78 /* Resources */ = {
			isa = PBXResourcesBuildPhase;
			buildActionMask = 2147483647;
			files = (
				2C5D65A424DC938500607C78 /* LaunchScreen.storyboard in Resources */,
				2C5D65A124DC938500607C78 /* Assets.xcassets in Resources */,
				2C5D659F24DC938400607C78 /* Main.storyboard in Resources */,
			);
			runOnlyForDeploymentPostprocessing = 0;
		};
		2C5D65A824DC938500607C78 /* Resources */ = {
			isa = PBXResourcesBuildPhase;
			buildActionMask = 2147483647;
			files = (
			);
			runOnlyForDeploymentPostprocessing = 0;
		};
		2C5D65B324DC938500607C78 /* Resources */ = {
			isa = PBXResourcesBuildPhase;
			buildActionMask = 2147483647;
			files = (
			);
			runOnlyForDeploymentPostprocessing = 0;
		};
/* End PBXResourcesBuildPhase section */

/* Begin PBXSourcesBuildPhase section */
		2C5D659024DC938400607C78 /* Sources */ = {
			isa = PBXSourcesBuildPhase;
			buildActionMask = 2147483647;
			files = (
				2C5D659C24DC938400607C78 /* ViewController.swift in Sources */,
				2C5D659824DC938400607C78 /* AppDelegate.swift in Sources */,
				2C5D659A24DC938400607C78 /* SceneDelegate.swift in Sources */,
			);
			runOnlyForDeploymentPostprocessing = 0;
		};
		2C5D65A624DC938500607C78 /* Sources */ = {
			isa = PBXSourcesBuildPhase;
			buildActionMask = 2147483647;
			files = (
				2C5D65AF24DC938500607C78 /* Tabbed_AppTests.swift in Sources */,
			);
			runOnlyForDeploymentPostprocessing = 0;
		};
		2C5D65B124DC938500607C78 /* Sources */ = {
			isa = PBXSourcesBuildPhase;
			buildActionMask = 2147483647;
			files = (
				2C5D65BA24DC938500607C78 /* Tabbed_AppUITests.swift in Sources */,
			);
			runOnlyForDeploymentPostprocessing = 0;
		};
/* End PBXSourcesBuildPhase section */

/* Begin PBXTargetDependency section */
		2C5D65AC24DC938500607C78 /* PBXTargetDependency */ = {
			isa = PBXTargetDependency;
			target = 2C5D659324DC938400607C78 /* Tabbed App */;
			targetProxy = 2C5D65AB24DC938500607C78 /* PBXContainerItemProxy */;
		};
		2C5D65B724DC938500607C78 /* PBXTargetDependency */ = {
			isa = PBXTargetDependency;
			target = 2C5D659324DC938400607C78 /* Tabbed App */;
			targetProxy = 2C5D65B624DC938500607C78 /* PBXContainerItemProxy */;
		};
/* End PBXTargetDependency section */

/* Begin PBXVariantGroup section */
		2C5D659D24DC938400607C78 /* Main.storyboard */ = {
			isa = PBXVariantGroup;
			children = (
				2C5D659E24DC938400607C78 /* Base */,
			);
			name = Main.storyboard;
			sourceTree = "<group>";
		};
		2C5D65A224DC938500607C78 /* LaunchScreen.storyboard */ = {
			isa = PBXVariantGroup;
			children = (
				2C5D65A324DC938500607C78 /* Base */,
			);
			name = LaunchScreen.storyboard;
			sourceTree = "<group>";
		};
/* End PBXVariantGroup section */

/* Begin XCBuildConfiguration section */
		2C5D65BC24DC938500607C78 /* Debug */ = {
			isa = XCBuildConfiguration;
			buildSettings = {
				ALWAYS_SEARCH_USER_PATHS = NO;
				CLANG_ANALYZER_NONNULL = YES;
				CLANG_ANALYZER_NUMBER_OBJECT_CONVERSION = YES_AGGRESSIVE;
				CLANG_CXX_LANGUAGE_STANDARD = "gnu++14";
				CLANG_CXX_LIBRARY = "libc++";
				CLANG_ENABLE_MODULES = YES;
				CLANG_ENABLE_OBJC_ARC = YES;
				CLANG_ENABLE_OBJC_WEAK = YES;
				CLANG_WARN_BLOCK_CAPTURE_AUTORELEASING = YES;
				CLANG_WARN_BOOL_CONVERSION = YES;
				CLANG_WARN_COMMA = YES;
				CLANG_WARN_CONSTANT_CONVERSION = YES;
				CLANG_WARN_DEPRECATED_OBJC_IMPLEMENTATIONS = YES;
				CLANG_WARN_DIRECT_OBJC_ISA_USAGE = YES_ERROR;
				CLANG_WARN_DOCUMENTATION_COMMENTS = YES;
				CLANG_WARN_EMPTY_BODY = YES;
				CLANG_WARN_ENUM_CONVERSION = YES;
				CLANG_WARN_INFINITE_RECURSION = YES;
				CLANG_WARN_INT_CONVERSION = YES;
				CLANG_WARN_NON_LITERAL_NULL_CONVERSION = YES;
				CLANG_WARN_OBJC_IMPLICIT_RETAIN_SELF = YES;
				CLANG_WARN_OBJC_LITERAL_CONVERSION = YES;
				CLANG_WARN_OBJC_ROOT_CLASS = YES_ERROR;
				CLANG_WARN_RANGE_LOOP_ANALYSIS = YES;
				CLANG_WARN_STRICT_PROTOTYPES = YES;
				CLANG_WARN_SUSPICIOUS_MOVE = YES;
				CLANG_WARN_UNGUARDED_AVAILABILITY = YES_AGGRESSIVE;
				CLANG_WARN_UNREACHABLE_CODE = YES;
				CLANG_WARN__DUPLICATE_METHOD_MATCH = YES;
				COPY_PHASE_STRIP = NO;
				DEBUG_INFORMATION_FORMAT = dwarf;
				ENABLE_STRICT_OBJC_MSGSEND = YES;
				ENABLE_TESTABILITY = YES;
				GCC_C_LANGUAGE_STANDARD = gnu11;
				GCC_DYNAMIC_NO_PIC = NO;
				GCC_NO_COMMON_BLOCKS = YES;
				GCC_OPTIMIZATION_LEVEL = 0;
				GCC_PREPROCESSOR_DEFINITIONS = (
					"DEBUG=1",
					"$(inherited)",
				);
				GCC_WARN_64_TO_32_BIT_CONVERSION = YES;
				GCC_WARN_ABOUT_RETURN_TYPE = YES_ERROR;
				GCC_WARN_UNDECLARED_SELECTOR = YES;
				GCC_WARN_UNINITIALIZED_AUTOS = YES_AGGRESSIVE;
				GCC_WARN_UNUSED_FUNCTION = YES;
				GCC_WARN_UNUSED_VARIABLE = YES;
				IPHONEOS_DEPLOYMENT_TARGET = 13.2;
				MTL_ENABLE_DEBUG_INFO = INCLUDE_SOURCE;
				MTL_FAST_MATH = YES;
				ONLY_ACTIVE_ARCH = YES;
				SDKROOT = iphoneos;
				SWIFT_ACTIVE_COMPILATION_CONDITIONS = DEBUG;
				SWIFT_OPTIMIZATION_LEVEL = "-Onone";
			};
			name = Debug;
		};
		2C5D65BD24DC938500607C78 /* Release */ = {
			isa = XCBuildConfiguration;
			buildSettings = {
				ALWAYS_SEARCH_USER_PATHS = NO;
				CLANG_ANALYZER_NONNULL = YES;
				CLANG_ANALYZER_NUMBER_OBJECT_CONVERSION = YES_AGGRESSIVE;
				CLANG_CXX_LANGUAGE_STANDARD = "gnu++14";
				CLANG_CXX_LIBRARY = "libc++";
				CLANG_ENABLE_MODULES = YES;
				CLANG_ENABLE_OBJC_ARC = YES;
				CLANG_ENABLE_OBJC_WEAK = YES;
				CLANG_WARN_BLOCK_CAPTURE_AUTORELEASING = YES;
				CLANG_WARN_BOOL_CONVERSION = YES;
				CLANG_WARN_COMMA = YES;
				CLANG_WARN_CONSTANT_CONVERSION = YES;
				CLANG_WARN_DEPRECATED_OBJC_IMPLEMENTATIONS = YES;
				CLANG_WARN_DIRECT_OBJC_ISA_USAGE = YES_ERROR;
				CLANG_WARN_DOCUMENTATION_COMMENTS = YES;
				CLANG_WARN_EMPTY_BODY = YES;
				CLANG_WARN_ENUM_CONVERSION = YES;
				CLANG_WARN_INFINITE_RECURSION = YES;
				CLANG_WARN_INT_CONVERSION = YES;
				CLANG_WARN_NON_LITERAL_NULL_CONVERSION = YES;
				CLANG_WARN_OBJC_IMPLICIT_RETAIN_SELF = YES;
				CLANG_WARN_OBJC_LITERAL_CONVERSION = YES;
				CLANG_WARN_OBJC_ROOT_CLASS = YES_ERROR;
				CLANG_WARN_RANGE_LOOP_ANALYSIS = YES;
				CLANG_WARN_STRICT_PROTOTYPES = YES;
				CLANG_WARN_SUSPICIOUS_MOVE = YES;
				CLANG_WARN_UNGUARDED_AVAILABILITY = YES_AGGRESSIVE;
				CLANG_WARN_UNREACHABLE_CODE = YES;
				CLANG_WARN__DUPLICATE_METHOD_MATCH = YES;
				COPY_PHASE_STRIP = NO;
				DEBUG_INFORMATION_FORMAT = "dwarf-with-dsym";
				ENABLE_NS_ASSERTIONS = NO;
				ENABLE_STRICT_OBJC_MSGSEND = YES;
				GCC_C_LANGUAGE_STANDARD = gnu11;
				GCC_NO_COMMON_BLOCKS = YES;
				GCC_WARN_64_TO_32_BIT_CONVERSION = YES;
				GCC_WARN_ABOUT_RETURN_TYPE = YES_ERROR;
				GCC_WARN_UNDECLARED_SELECTOR = YES;
				GCC_WARN_UNINITIALIZED_AUTOS = YES_AGGRESSIVE;
				GCC_WARN_UNUSED_FUNCTION = YES;
				GCC_WARN_UNUSED_VARIABLE = YES;
				IPHONEOS_DEPLOYMENT_TARGET = 13.2;
				MTL_ENABLE_DEBUG_INFO = NO;
				MTL_FAST_MATH = YES;
				SDKROOT = iphoneos;
				SWIFT_COMPILATION_MODE = wholemodule;
				SWIFT_OPTIMIZATION_LEVEL = "-O";
				VALIDATE_PRODUCT = YES;
			};
			name = Release;
		};
		2C5D65BF24DC938500607C78 /* Debug */ = {
			isa = XCBuildConfiguration;
			buildSettings = {
				ASSETCATALOG_COMPILER_APPICON_NAME = AppIcon;
				CODE_SIGN_STYLE = Automatic;
				INFOPLIST_FILE = "Tabbed App/Info.plist";
				LD_RUNPATH_SEARCH_PATHS = (
					"$(inherited)",
					"@executable_path/Frameworks",
				);
				PRODUCT_BUNDLE_IDENTIFIER = "Alan-Villegas.Tabbed-App";
				PRODUCT_NAME = "$(TARGET_NAME)";
				SWIFT_VERSION = 5.0;
				TARGETED_DEVICE_FAMILY = "1,2";
			};
			name = Debug;
		};
		2C5D65C024DC938500607C78 /* Release */ = {
			isa = XCBuildConfiguration;
			buildSettings = {
				ASSETCATALOG_COMPILER_APPICON_NAME = AppIcon;
				CODE_SIGN_STYLE = Automatic;
				INFOPLIST_FILE = "Tabbed App/Info.plist";
				LD_RUNPATH_SEARCH_PATHS = (
					"$(inherited)",
					"@executable_path/Frameworks",
				);
				PRODUCT_BUNDLE_IDENTIFIER = "Alan-Villegas.Tabbed-App";
				PRODUCT_NAME = "$(TARGET_NAME)";
				SWIFT_VERSION = 5.0;
				TARGETED_DEVICE_FAMILY = "1,2";
			};
			name = Release;
		};
		2C5D65C224DC938500607C78 /* Debug */ = {
			isa = XCBuildConfiguration;
			buildSettings = {
				ALWAYS_EMBED_SWIFT_STANDARD_LIBRARIES = YES;
				BUNDLE_LOADER = "$(TEST_HOST)";
				CODE_SIGN_STYLE = Automatic;
				INFOPLIST_FILE = "Tabbed AppTests/Info.plist";
				IPHONEOS_DEPLOYMENT_TARGET = 13.2;
				LD_RUNPATH_SEARCH_PATHS = (
					"$(inherited)",
					"@executable_path/Frameworks",
					"@loader_path/Frameworks",
				);
				PRODUCT_BUNDLE_IDENTIFIER = "Alan-Villegas.Tabbed-AppTests";
				PRODUCT_NAME = "$(TARGET_NAME)";
				SWIFT_VERSION = 5.0;
				TARGETED_DEVICE_FAMILY = "1,2";
				TEST_HOST = "$(BUILT_PRODUCTS_DIR)/Tabbed App.app/Tabbed App";
			};
			name = Debug;
		};
		2C5D65C324DC938500607C78 /* Release */ = {
			isa = XCBuildConfiguration;
			buildSettings = {
				ALWAYS_EMBED_SWIFT_STANDARD_LIBRARIES = YES;
				BUNDLE_LOADER = "$(TEST_HOST)";
				CODE_SIGN_STYLE = Automatic;
				INFOPLIST_FILE = "Tabbed AppTests/Info.plist";
				IPHONEOS_DEPLOYMENT_TARGET = 13.2;
				LD_RUNPATH_SEARCH_PATHS = (
					"$(inherited)",
					"@executable_path/Frameworks",
					"@loader_path/Frameworks",
				);
				PRODUCT_BUNDLE_IDENTIFIER = "Alan-Villegas.Tabbed-AppTests";
				PRODUCT_NAME = "$(TARGET_NAME)";
				SWIFT_VERSION = 5.0;
				TARGETED_DEVICE_FAMILY = "1,2";
				TEST_HOST = "$(BUILT_PRODUCTS_DIR)/Tabbed App.app/Tabbed App";
			};
			name = Release;
		};
		2C5D65C524DC938500607C78 /* Debug */ = {
			isa = XCBuildConfiguration;
			buildSettings = {
				ALWAYS_EMBED_SWIFT_STANDARD_LIBRARIES = YES;
				CODE_SIGN_STYLE = Automatic;
				INFOPLIST_FILE = "Tabbed AppUITests/Info.plist";
				LD_RUNPATH_SEARCH_PATHS = (
					"$(inherited)",
					"@executable_path/Frameworks",
					"@loader_path/Frameworks",
				);
				PRODUCT_BUNDLE_IDENTIFIER = "Alan-Villegas.Tabbed-AppUITests";
				PRODUCT_NAME = "$(TARGET_NAME)";
				SWIFT_VERSION = 5.0;
				TARGETED_DEVICE_FAMILY = "1,2";
				TEST_TARGET_NAME = "Tabbed App";
			};
			name = Debug;
		};
		2C5D65C624DC938500607C78 /* Release */ = {
			isa = XCBuildConfiguration;
			buildSettings = {
				ALWAYS_EMBED_SWIFT_STANDARD_LIBRARIES = YES;
				CODE_SIGN_STYLE = Automatic;
				INFOPLIST_FILE = "Tabbed AppUITests/Info.plist";
				LD_RUNPATH_SEARCH_PATHS = (
					"$(inherited)",
					"@executable_path/Frameworks",
					"@loader_path/Frameworks",
				);
				PRODUCT_BUNDLE_IDENTIFIER = "Alan-Villegas.Tabbed-AppUITests";
				PRODUCT_NAME = "$(TARGET_NAME)";
				SWIFT_VERSION = 5.0;
				TARGETED_DEVICE_FAMILY = "1,2";
				TEST_TARGET_NAME = "Tabbed App";
			};
			name = Release;
		};
/* End XCBuildConfiguration section */

/* Begin XCConfigurationList section */
		2C5D658F24DC938400607C78 /* Build configuration list for PBXProject "Tabbed App" */ = {
			isa = XCConfigurationList;
			buildConfigurations = (
				2C5D65BC24DC938500607C78 /* Debug */,
				2C5D65BD24DC938500607C78 /* Release */,
			);
			defaultConfigurationIsVisible = 0;
			defaultConfigurationName = Release;
		};
		2C5D65BE24DC938500607C78 /* Build configuration list for PBXNativeTarget "Tabbed App" */ = {
			isa = XCConfigurationList;
			buildConfigurations = (
				2C5D65BF24DC938500607C78 /* Debug */,
				2C5D65C024DC938500607C78 /* Release */,
			);
			defaultConfigurationIsVisible = 0;
			defaultConfigurationName = Release;
		};
		2C5D65C124DC938500607C78 /* Build configuration list for PBXNativeTarget "Tabbed AppTests" */ = {
			isa = XCConfigurationList;
			buildConfigurations = (
				2C5D65C224DC938500607C78 /* Debug */,
				2C5D65C324DC938500607C78 /* Release */,
			);
			defaultConfigurationIsVisible = 0;
			defaultConfigurationName = Release;
		};
		2C5D65C424DC938500607C78 /* Build configuration list for PBXNativeTarget "Tabbed AppUITests" */ = {
			isa = XCConfigurationList;
			buildConfigurations = (
				2C5D65C524DC938500607C78 /* Debug */,
				2C5D65C624DC938500607C78 /* Release */,
			);
			defaultConfigurationIsVisible = 0;
			defaultConfigurationName = Release;
		};
/* End XCConfigurationList section */
	};
	rootObject = 2C5D658C24DC938400607C78 /* Project object */;
}
